PODS:
  - AFNetworking (3.2.1):
    - AFNetworking/NSURLSession (= 3.2.1)
    - AFNetworking/Reachability (= 3.2.1)
    - AFNetworking/Security (= 3.2.1)
    - AFNetworking/Serialization (= 3.2.1)
    - AFNetworking/UIKit (= 3.2.1)
  - AFNetworking/NSURLSession (3.2.1):
    - AFNetworking/Reachability
    - AFNetworking/Security
    - AFNetworking/Serialization
  - AFNetworking/Reachability (3.2.1)
  - AFNetworking/Security (3.2.1)
  - AFNetworking/Serialization (3.2.1)
  - AFNetworking/UIKit (3.2.1):
    - AFNetworking/NSURLSession
  - HappyDNS (0.3.14)
  - Masonry (1.1.0)
  - MBProgressHUD (1.1.0)
  - MJExtension (3.0.15.1)
  - MJRefresh (3.1.15.7)
  - Qiniu (7.2.5):
    - HappyDNS (~> 0.3)
  - SDWebImage (4.4.2):
    - SDWebImage/Core (= 4.4.2)
  - SDWebImage/Core (4.4.2)
  - TZImagePickerController (3.1.4)
  - WebViewJavascriptBridge (6.0.3)

DEPENDENCIES:
  - AFNetworking
  - Masonry
  - MBProgressHUD
  - MJExtension
  - MJRefresh
  - Qiniu (~> 7.1)
  - SDWebImage
  - TZImagePickerController
  - WebViewJavascriptBridge

SPEC REPOS:
  https://github.com/cocoapods/specs.git:
    - AFNetworking
    - HappyDNS
    - Masonry
    - MBProgressHUD
    - MJExtension
    - MJRefresh
    - Qiniu
    - SDWebImage
    - TZImagePickerController
    - WebViewJavascriptBridge

SPEC CHECKSUMS:
  AFNetworking: b6f891fdfaed196b46c7a83cf209e09697b94057
  HappyDNS: dc6a164ee81979093123c241c6353bcf0218add6
  Masonry: 678fab65091a9290e40e2832a55e7ab731aad201
  MBProgressHUD: e7baa36a220447d8aeb12769bf0585582f3866d9
  MJExtension: 19bc33ce2eee2d319760f5622562cf581a6ff756
  MJRefresh: 697f8ec75ebdbe9207767bb682cf0f51b0d8a41f
  Qiniu: 909b408ee489ea54827e9717be90b94bc9dfbc48
  SDWebImage: 624d6e296c69b244bcede364c72ae0430ac14681
  TZImagePickerController: c5d08f4f79ef3a4aa5af70c199009f59dac978a3
  WebViewJavascriptBridge: 7f5bc4d3581e672e8f32bd0f812d54bc69bb8e29

PODFILE CHECKSUM: 618c466499f2fb112a2ae3c8614d9b3d629090c7

COCOAPODS: 1.5.3
